
Microsoft Visual Studio Solution File, Format Version 12.00
# Visual Studio Version 17
VisualStudioVersion = 17.7.34003.232
MinimumVisualStudioVersion = 10.0.40219.1
Project("{FAE04EC0-301F-11D3-BF4B-00C04F79EFBC}") = "Nodes", "Nodes\Nodes.csproj", "{12E98470-D2C1-46A8-8788-2BB7332ACCE2}"
EndProject
Global
	GlobalSection(SolutionConfigurationPlatforms) = preSolution
		Debug|Any CPU = Debug|Any CPU
		Release|Any CPU = Release|Any CPU
	EndGlobalSection
	GlobalSection(ProjectConfigurationPlatforms) = postSolution
		{12E98470-D2C1-46A8-8788-2BB7332ACCE2}.Debug|Any CPU.ActiveCfg = Debug|Any CPU
		{12E98470-D2C1-46A8-8788-2BB7332ACCE2}.Debug|Any CPU.Build.0 = Debug|Any CPU
		{12E98470-D2C1-46A8-8788-2BB7332ACCE2}.Release|Any CPU.ActiveCfg = Release|Any CPU
		{12E98470-D2C1-46A8-8788-2BB7332ACCE2}.Release|Any CPU.Build.0 = Release|Any CPU
	EndGlobalSection
	GlobalSection(SolutionProperties) = preSolution
		HideSolutionNode = FALSE
	EndGlobalSection
	GlobalSection(ExtensibilityGlobals) = postSolution
		SolutionGuid = {C1AA166A-DD0F-4CB9-8CB7-67C45D89FEDF}
	EndGlobalSection
EndGlobal
